
Microsoft Visual Studio Solution File, Format Version 10.00
# Visual Studio 2008
Project("{8BC9CEB8-8B4A-11D0-8D11-00A0C91BC942}") = "vlc-full", "vlc-full\vlc-full.vcproj", "{2DD7EC40-B7A3-409A-BD1B-89E91AF07DEB}"
EndProject
Global
	GlobalSection(SolutionConfigurationPlatforms) = preSolution
		Debug|Win32 = Debug|Win32
		Release|Win32 = Release|Win32
	EndGlobalSection
	GlobalSection(ProjectConfigurationPlatforms) = postSolution
		{2DD7EC40-B7A3-409A-BD1B-89E91AF07DEB}.Debug|Win32.ActiveCfg = Debug|Win32
		{2DD7EC40-B7A3-409A-BD1B-89E91AF07DEB}.Debug|Win32.Build.0 = Debug|Win32
		{2DD7EC40-B7A3-409A-BD1B-89E91AF07DEB}.Release|Win32.ActiveCfg = Release|Win32
		{2DD7EC40-B7A3-409A-BD1B-89E91AF07DEB}.Release|Win32.Build.0 = Release|Win32
	EndGlobalSection
	GlobalSection(SolutionProperties) = preSolution
		HideSolutionNode = FALSE
	EndGlobalSection
EndGlobal
